
Microsoft Visual Studio Solution File, Format Version 12.00
# Visual Studio Version 16
VisualStudioVersion = 16.0.30204.135
MinimumVisualStudioVersion = 10.0.40219.1
Project("{FAE04EC0-301F-11D3-BF4B-00C04F79EFBC}") = "PingPong", "PingPong\PingPong.csproj", "{1953A6B7-7C71-434E-9FBC-CFE4933D136D}"
EndProject
Project("{FAE04EC0-301F-11D3-BF4B-00C04F79EFBC}") = "CsharpPong", "CsharpPong\CsharpPong.csproj", "{36778C91-889F-454A-94DF-7F6DAA38C147}"
EndProject
Global
	GlobalSection(SolutionConfigurationPlatforms) = preSolution
		Debug|Any CPU = Debug|Any CPU
		Release|Any CPU = Release|Any CPU
	EndGlobalSection
	GlobalSection(ProjectConfigurationPlatforms) = postSolution
		{1953A6B7-7C71-434E-9FBC-CFE4933D136D}.Debug|Any CPU.ActiveCfg = Debug|Any CPU
		{1953A6B7-7C71-434E-9FBC-CFE4933D136D}.Debug|Any CPU.Build.0 = Debug|Any CPU
		{1953A6B7-7C71-434E-9FBC-CFE4933D136D}.Release|Any CPU.ActiveCfg = Release|Any CPU
		{1953A6B7-7C71-434E-9FBC-CFE4933D136D}.Release|Any CPU.Build.0 = Release|Any CPU
		{36778C91-889F-454A-94DF-7F6DAA38C147}.Debug|Any CPU.ActiveCfg = Debug|Any CPU
		{36778C91-889F-454A-94DF-7F6DAA38C147}.Debug|Any CPU.Build.0 = Debug|Any CPU
		{36778C91-889F-454A-94DF-7F6DAA38C147}.Release|Any CPU.ActiveCfg = Release|Any CPU
		{36778C91-889F-454A-94DF-7F6DAA38C147}.Release|Any CPU.Build.0 = Release|Any CPU
	EndGlobalSection
	GlobalSection(SolutionProperties) = preSolution
		HideSolutionNode = FALSE
	EndGlobalSection
	GlobalSection(ExtensibilityGlobals) = postSolution
		SolutionGuid = {0725A58F-8EF7-447E-8B2D-016DADA80540}
	EndGlobalSection
EndGlobal
